<?xml version="1.0" encoding="utf-8"?>
<Project ToolsVersion="4.0" xmlns="http://schemas.microsoft.com/developer/msbuild/2003">
  <ItemGroup>
    <Filter Include="Source Files">
      <UniqueIdentifier>{4FC737F1-C7A5-4376-A066-2A32D752A2FF}</UniqueIdentifier>
      <Extensions>cpp;c;cc;cxx;def;odl;idl;hpj;bat;asm;asmx</Extensions>
    </Filter>
    <Filter Include="Header Files">
      <UniqueIdentifier>{93995380-89BD-4b04-88EB-625FBE52EBFB}</UniqueIdentifier>
      <Extensions>h;hpp;hxx;hm;inl;inc;xsd</Extensions>
    </Filter>
    <Filter Include="Resource Files">
      <UniqueIdentifier>{67DA6AB6-F800-4c08-8B7A-83BB121AAD01}</UniqueIdentifier>
      <Extensions>rc;ico;cur;bmp;dlg;rc2;rct;bin;rgs;gif;jpg;jpeg;jpe;resx;tiff;tif;png;wav;mfcribbon-ms</Extensions>
    </Filter>
  </ItemGroup>
  <ItemGroup>
    <ClCompile Include="main.cpp">
      <Filter>Source Files</Filter>
    </ClCompile>
    <ClCompile Include="mvObject.cpp">
      <Filter>Source Files</Filter>
    </ClCompile>
    <ClCompile Include="mvCube.cpp">
      <Filter>Source Files</Filter>
    </ClCompile>
    <ClCompile Include="framework_labyrinth.cpp">
      <Filter>Source Files</Filter>
    </ClCompile>
    <ClCompile Include="mvShader.cpp">
      <Filter>Source Files</Filter>
    </ClCompile>
    <ClCompile Include="mvObjLoader.cpp">
      <Filter>Source Files</Filter>
    </ClCompile>
    <ClCompile Include="mvMesh.cpp">
      <Filter>Source Files</Filter>
    </ClCompile>
    <ClCompile Include="mvRect.cpp">
      <Filter>Source Files</Filter>
    </ClCompile>
    <ClCompile Include="mvMaze.cpp">
      <Filter>Source Files</Filter>
    </ClCompile>
    <ClCompile Include="mvKey.cpp">
      <Filter>Source Files</Filter>
    </ClCompile>
    <ClCompile Include="mvInput.cpp">
      <Filter>Source Files</Filter>
    </ClCompile>
    <ClCompile Include="mvSimpleStructs.cpp">
      <Filter>Source Files</Filter>
    </ClCompile>
    <ClCompile Include="mvTime.cpp">
      <Filter>Source Files</Filter>
    </ClCompile>
    <ClCompile Include="mvDisplay.cpp">
      <Filter>Source Files</Filter>
    </ClCompile>
    <ClCompile Include="mvSphere.cpp">
      <Filter>Source Files</Filter>
    </ClCompile>
    <ClCompile Include="mvPhysics.cpp">
      <Filter>Source Files</Filter>
    </ClCompile>
    <ClCompile Include="mvCollision.cpp">
      <Filter>Source Files</Filter>
    </ClCompile>
    <ClCompile Include="mvMath.cpp">
      <Filter>Source Files</Filter>
    </ClCompile>
  </ItemGroup>
  <ItemGroup>
    <None Include="FragShader.txt">
      <Filter>Resource Files</Filter>
    </None>
    <None Include="VertexShader.txt">
      <Filter>Resource Files</Filter>
    </None>
  </ItemGroup>
  <ItemGroup>
    <ClInclude Include="mvObject.h">
      <Filter>Header Files</Filter>
    </ClInclude>
    <ClInclude Include="mvCube.h">
      <Filter>Header Files</Filter>
    </ClInclude>
    <ClInclude Include="framework_labyrinth.h">
      <Filter>Header Files</Filter>
    </ClInclude>
    <ClInclude Include="mvShader.h">
      <Filter>Header Files</Filter>
    </ClInclude>
    <ClInclude Include="mvObjLoader.h">
      <Filter>Header Files</Filter>
    </ClInclude>
    <ClInclude Include="mvMesh.h">
      <Filter>Header Files</Filter>
    </ClInclude>
    <ClInclude Include="mvRect.h">
      <Filter>Header Files</Filter>
    </ClInclude>
    <ClInclude Include="mvMaze.h">
      <Filter>Header Files</Filter>
    </ClInclude>
    <ClInclude Include="mvKey.h">
      <Filter>Header Files</Filter>
    </ClInclude>
    <ClInclude Include="mvInput.h">
      <Filter>Header Files</Filter>
    </ClInclude>
    <ClInclude Include="mvSimpleStructs.h">
      <Filter>Header Files</Filter>
    </ClInclude>
    <ClInclude Include="mvTime.h">
      <Filter>Header Files</Filter>
    </ClInclude>
    <ClInclude Include="defines.h">
      <Filter>Header Files</Filter>
    </ClInclude>
    <ClInclude Include="mvDisplay.h">
      <Filter>Header Files</Filter>
    </ClInclude>
    <ClInclude Include="mvSphere.h">
      <Filter>Header Files</Filter>
    </ClInclude>
    <ClInclude Include="mvPhysics.h">
      <Filter>Header Files</Filter>
    </ClInclude>
    <ClInclude Include="mvCollision.h">
      <Filter>Header Files</Filter>
    </ClInclude>
    <ClInclude Include="mvMath.h">
      <Filter>Header Files</Filter>
    </ClInclude>
  </ItemGroup>
</Project>